
Microsoft Visual Studio Solution File, Format Version 12.00
# Visual Studio Version 17
VisualStudioVersion = 17.11.35327.3
MinimumVisualStudioVersion = 10.0.40219.1
Project("{FAE04EC0-301F-11D3-BF4B-00C04F79EFBC}") = "GameCollectionManagement", "GameCollectionManagement\GameCollectionManagement.csproj", "{890D3FE8-5820-4E60-BBE9-421475A14945}"
EndProject
Global
	GlobalSection(SolutionConfigurationPlatforms) = preSolution
		Debug|Any CPU = Debug|Any CPU
		Release|Any CPU = Release|Any CPU
	EndGlobalSection
	GlobalSection(ProjectConfigurationPlatforms) = postSolution
		{890D3FE8-5820-4E60-BBE9-421475A14945}.Debug|Any CPU.ActiveCfg = Debug|Any CPU
		{890D3FE8-5820-4E60-BBE9-421475A14945}.Debug|Any CPU.Build.0 = Debug|Any CPU
		{890D3FE8-5820-4E60-BBE9-421475A14945}.Release|Any CPU.ActiveCfg = Release|Any CPU
		{890D3FE8-5820-4E60-BBE9-421475A14945}.Release|Any CPU.Build.0 = Release|Any CPU
	EndGlobalSection
	GlobalSection(SolutionProperties) = preSolution
		HideSolutionNode = FALSE
	EndGlobalSection
	GlobalSection(ExtensibilityGlobals) = postSolution
		SolutionGuid = {7DBF5497-8B14-4615-9D9A-FA7962275158}
	EndGlobalSection
EndGlobal
